
Microsoft Visual Studio Solution File, Format Version 12.00
# Visual Studio Version 16
VisualStudioVersion = 16.0.30011.22
MinimumVisualStudioVersion = 10.0.40219.1
Project("{2150E333-8FDC-42A3-9474-1A3956D46DE8}") = "src", "src", "{1A23875F-4216-4A53-8AE8-271EBF703F3C}"
EndProject
Project("{2150E333-8FDC-42A3-9474-1A3956D46DE8}") = "API 01", "API 01", "{FF9BBF05-7695-4FA1-94D1-D757D09FE9EF}"
EndProject
Project("{2150E333-8FDC-42A3-9474-1A3956D46DE8}") = "API 02", "API 02", "{0B57B6B1-5A2A-4084-9C3F-C9F55C6EB02C}"
EndProject
Project("{2150E333-8FDC-42A3-9474-1A3956D46DE8}") = "test", "test", "{440019B8-FB02-4644-9DB1-604B1E8EC7F1}"
EndProject
Project("{9A19103F-16F7-4668-BE54-9A1E7A4F7556}") = "TaxaJuros.API", "TaxaJuros.API\TaxaJuros.API.csproj", "{67F289CB-1ED8-48FC-B3AD-AB055FA60168}"
EndProject
Project("{9A19103F-16F7-4668-BE54-9A1E7A4F7556}") = "CalculaJuros.API", "CalculaJuros.API\CalculaJuros.API.csproj", "{3F852133-1C51-45D0-9C7B-75CBA727978E}"
	ProjectSection(ProjectDependencies) = postProject
		{2ED4829E-DD29-404A-8EAB-11DD0E094DA0} = {2ED4829E-DD29-404A-8EAB-11DD0E094DA0}
	EndProjectSection
EndProject
Project("{FAE04EC0-301F-11D3-BF4B-00C04F79EFBC}") = "CalculoJuros.Configuration", "CalculoJuros.Configuration\CalculoJuros.Configuration.csproj", "{2ED4829E-DD29-404A-8EAB-11DD0E094DA0}"
EndProject
Global
	GlobalSection(SolutionConfigurationPlatforms) = preSolution
		Debug|Any CPU = Debug|Any CPU
		Release|Any CPU = Release|Any CPU
	EndGlobalSection
	GlobalSection(ProjectConfigurationPlatforms) = postSolution
		{67F289CB-1ED8-48FC-B3AD-AB055FA60168}.Debug|Any CPU.ActiveCfg = Debug|Any CPU
		{67F289CB-1ED8-48FC-B3AD-AB055FA60168}.Debug|Any CPU.Build.0 = Debug|Any CPU
		{67F289CB-1ED8-48FC-B3AD-AB055FA60168}.Release|Any CPU.ActiveCfg = Release|Any CPU
		{67F289CB-1ED8-48FC-B3AD-AB055FA60168}.Release|Any CPU.Build.0 = Release|Any CPU
		{3F852133-1C51-45D0-9C7B-75CBA727978E}.Debug|Any CPU.ActiveCfg = Debug|Any CPU
		{3F852133-1C51-45D0-9C7B-75CBA727978E}.Debug|Any CPU.Build.0 = Debug|Any CPU
		{3F852133-1C51-45D0-9C7B-75CBA727978E}.Release|Any CPU.ActiveCfg = Release|Any CPU
		{3F852133-1C51-45D0-9C7B-75CBA727978E}.Release|Any CPU.Build.0 = Release|Any CPU
		{2ED4829E-DD29-404A-8EAB-11DD0E094DA0}.Debug|Any CPU.ActiveCfg = Debug|Any CPU
		{2ED4829E-DD29-404A-8EAB-11DD0E094DA0}.Debug|Any CPU.Build.0 = Debug|Any CPU
		{2ED4829E-DD29-404A-8EAB-11DD0E094DA0}.Release|Any CPU.ActiveCfg = Release|Any CPU
		{2ED4829E-DD29-404A-8EAB-11DD0E094DA0}.Release|Any CPU.Build.0 = Release|Any CPU
	EndGlobalSection
	GlobalSection(SolutionProperties) = preSolution
		HideSolutionNode = FALSE
	EndGlobalSection
	GlobalSection(NestedProjects) = preSolution
		{FF9BBF05-7695-4FA1-94D1-D757D09FE9EF} = {1A23875F-4216-4A53-8AE8-271EBF703F3C}
		{0B57B6B1-5A2A-4084-9C3F-C9F55C6EB02C} = {1A23875F-4216-4A53-8AE8-271EBF703F3C}
		{67F289CB-1ED8-48FC-B3AD-AB055FA60168} = {FF9BBF05-7695-4FA1-94D1-D757D09FE9EF}
		{3F852133-1C51-45D0-9C7B-75CBA727978E} = {0B57B6B1-5A2A-4084-9C3F-C9F55C6EB02C}
		{2ED4829E-DD29-404A-8EAB-11DD0E094DA0} = {0B57B6B1-5A2A-4084-9C3F-C9F55C6EB02C}
	EndGlobalSection
	GlobalSection(ExtensibilityGlobals) = postSolution
		SolutionGuid = {EAA9EF18-8A4F-49F6-9137-9AE4D362004E}
	EndGlobalSection
EndGlobal
